// !$*UTF8*$!
{
	archiveVersion = 1;
	classes = {
	};
	objectVersion = 56;
	objects = {

/* Begin PBXBuildFile section */
		321AF1FE2B2891DC00E3FF31 /* AppDelegate.swift in Sources */ = {isa = PBXBuildFile; fileRef = 321AF1FD2B2891DC00E3FF31 /* AppDelegate.swift */; };
		321AF2002B2891DC00E3FF31 /* SceneDelegate.swift in Sources */ = {isa = PBXBuildFile; fileRef = 321AF1FF2B2891DC00E3FF31 /* SceneDelegate.swift */; };
		321AF2072B2891DD00E3FF31 /* Assets.xcassets in Resources */ = {isa = PBXBuildFile; fileRef = 321AF2062B2891DD00E3FF31 /* Assets.xcassets */; };
		321AF20A2B2891DD00E3FF31 /* LaunchScreen.storyboard in Resources */ = {isa = PBXBuildFile; fileRef = 321AF2082B2891DD00E3FF31 /* LaunchScreen.storyboard */; };
		321AF2122B28921200E3FF31 /* swiftlint.yml in Resources */ = {isa = PBXBuildFile; fileRef = 321AF2112B28921200E3FF31 /* swiftlint.yml */; };
		321AF21C2B28953700E3FF31 /* FirstNavigationView.swift in Sources */ = {isa = PBXBuildFile; fileRef = 321AF21B2B28953700E3FF31 /* FirstNavigationView.swift */; };
		321AF21F2B28964400E3FF31 /* CustomUIElements.swift in Sources */ = {isa = PBXBuildFile; fileRef = 321AF21E2B28964400E3FF31 /* CustomUIElements.swift */; };
		321AF2222B2897DD00E3FF31 /* FirstSceneMock.swift in Sources */ = {isa = PBXBuildFile; fileRef = 321AF2212B2897DD00E3FF31 /* FirstSceneMock.swift */; };
		3226C2622B29BD2D00407C63 /* FirstIterator.swift in Sources */ = {isa = PBXBuildFile; fileRef = 3226C2612B29BD2D00407C63 /* FirstIterator.swift */; };
		3226C2642B29BD3B00407C63 /* FirstPresenter.swift in Sources */ = {isa = PBXBuildFile; fileRef = 3226C2632B29BD3B00407C63 /* FirstPresenter.swift */; };
		3226C2662B29BD4800407C63 /* FirstModel.swift in Sources */ = {isa = PBXBuildFile; fileRef = 3226C2652B29BD4800407C63 /* FirstModel.swift */; };
		3226C2682B29ED2300407C63 /* FirstConfigurator.swift in Sources */ = {isa = PBXBuildFile; fileRef = 3226C2672B29ED2300407C63 /* FirstConfigurator.swift */; };
		3226C26C2B29F03100407C63 /* ICoordinator.swift in Sources */ = {isa = PBXBuildFile; fileRef = 3226C26B2B29F03100407C63 /* ICoordinator.swift */; };
		3226C26E2B29F0C100407C63 /* AppCoordinator.swift in Sources */ = {isa = PBXBuildFile; fileRef = 3226C26D2B29F0C100407C63 /* AppCoordinator.swift */; };
		3226C2722B29FB8B00407C63 /* SecondViewController.swift in Sources */ = {isa = PBXBuildFile; fileRef = 3226C2712B29FB8B00407C63 /* SecondViewController.swift */; };
		3226C2742B29FCE300407C63 /* ICoordinatorDelegate.swift in Sources */ = {isa = PBXBuildFile; fileRef = 3226C2732B29FCE300407C63 /* ICoordinatorDelegate.swift */; };
		3226C2772B29FE9B00407C63 /* FirstCoordinator.swift in Sources */ = {isa = PBXBuildFile; fileRef = 3226C2762B29FE9B00407C63 /* FirstCoordinator.swift */; };
		3226C2792B2A10BE00407C63 /* SecondCoordinator.swift in Sources */ = {isa = PBXBuildFile; fileRef = 3226C2782B2A10BE00407C63 /* SecondCoordinator.swift */; };
		3226C27B2B2A115F00407C63 /* SecondConfigurator.swift in Sources */ = {isa = PBXBuildFile; fileRef = 3226C27A2B2A115F00407C63 /* SecondConfigurator.swift */; };
		3226C27D2B2A144F00407C63 /* FirstWorked.swift in Sources */ = {isa = PBXBuildFile; fileRef = 3226C27C2B2A144F00407C63 /* FirstWorked.swift */; };
/* End PBXBuildFile section */

/* Begin PBXFileReference section */
		321AF1FA2B2891DC00E3FF31 /* Coordinator.app */ = {isa = PBXFileReference; explicitFileType = wrapper.application; includeInIndex = 0; path = Coordinator.app; sourceTree = BUILT_PRODUCTS_DIR; };
		321AF1FD2B2891DC00E3FF31 /* AppDelegate.swift */ = {isa = PBXFileReference; lastKnownFileType = sourcecode.swift; path = AppDelegate.swift; sourceTree = "<group>"; };
		321AF1FF2B2891DC00E3FF31 /* SceneDelegate.swift */ = {isa = PBXFileReference; lastKnownFileType = sourcecode.swift; path = SceneDelegate.swift; sourceTree = "<group>"; };
		321AF2062B2891DD00E3FF31 /* Assets.xcassets */ = {isa = PBXFileReference; lastKnownFileType = folder.assetcatalog; path = Assets.xcassets; sourceTree = "<group>"; };
		321AF2092B2891DD00E3FF31 /* Base */ = {isa = PBXFileReference; lastKnownFileType = file.storyboard; name = Base; path = Base.lproj/LaunchScreen.storyboard; sourceTree = "<group>"; };
		321AF20B2B2891DD00E3FF31 /* Info.plist */ = {isa = PBXFileReference; lastKnownFileType = text.plist.xml; path = Info.plist; sourceTree = "<group>"; };
		321AF2112B28921200E3FF31 /* swiftlint.yml */ = {isa = PBXFileReference; fileEncoding = 4; lastKnownFileType = text.yaml; path = swiftlint.yml; sourceTree = "<group>"; };
		321AF21B2B28953700E3FF31 /* FirstNavigationView.swift */ = {isa = PBXFileReference; lastKnownFileType = sourcecode.swift; path = FirstNavigationView.swift; sourceTree = "<group>"; };
		321AF21E2B28964400E3FF31 /* CustomUIElements.swift */ = {isa = PBXFileReference; lastKnownFileType = sourcecode.swift; path = CustomUIElements.swift; sourceTree = "<group>"; };
		321AF2212B2897DD00E3FF31 /* FirstSceneMock.swift */ = {isa = PBXFileReference; lastKnownFileType = sourcecode.swift; path = FirstSceneMock.swift; sourceTree = "<group>"; };
		32221FC42B3C2E49004DC8B9 /* REDME.md */ = {isa = PBXFileReference; lastKnownFileType = net.daringfireball.markdown; path = REDME.md; sourceTree = "<group>"; };
		3226C2612B29BD2D00407C63 /* FirstIterator.swift */ = {isa = PBXFileReference; lastKnownFileType = sourcecode.swift; path = FirstIterator.swift; sourceTree = "<group>"; };
		3226C2632B29BD3B00407C63 /* FirstPresenter.swift */ = {isa = PBXFileReference; lastKnownFileType = sourcecode.swift; path = FirstPresenter.swift; sourceTree = "<group>"; };
		3226C2652B29BD4800407C63 /* FirstModel.swift */ = {isa = PBXFileReference; lastKnownFileType = sourcecode.swift; path = FirstModel.swift; sourceTree = "<group>"; };
		3226C2672B29ED2300407C63 /* FirstConfigurator.swift */ = {isa = PBXFileReference; lastKnownFileType = sourcecode.swift; path = FirstConfigurator.swift; sourceTree = "<group>"; };
		3226C26B2B29F03100407C63 /* ICoordinator.swift */ = {isa = PBXFileReference; lastKnownFileType = sourcecode.swift; path = ICoordinator.swift; sourceTree = "<group>"; };
		3226C26D2B29F0C100407C63 /* AppCoordinator.swift */ = {isa = PBXFileReference; lastKnownFileType = sourcecode.swift; path = AppCoordinator.swift; sourceTree = "<group>"; };
		3226C2712B29FB8B00407C63 /* SecondViewController.swift */ = {isa = PBXFileReference; lastKnownFileType = sourcecode.swift; path = SecondViewController.swift; sourceTree = "<group>"; };
		3226C2732B29FCE300407C63 /* ICoordinatorDelegate.swift */ = {isa = PBXFileReference; lastKnownFileType = sourcecode.swift; path = ICoordinatorDelegate.swift; sourceTree = "<group>"; };
		3226C2762B29FE9B00407C63 /* FirstCoordinator.swift */ = {isa = PBXFileReference; lastKnownFileType = sourcecode.swift; path = FirstCoordinator.swift; sourceTree = "<group>"; };
		3226C2782B2A10BE00407C63 /* SecondCoordinator.swift */ = {isa = PBXFileReference; lastKnownFileType = sourcecode.swift; path = SecondCoordinator.swift; sourceTree = "<group>"; };
		3226C27A2B2A115F00407C63 /* SecondConfigurator.swift */ = {isa = PBXFileReference; lastKnownFileType = sourcecode.swift; path = SecondConfigurator.swift; sourceTree = "<group>"; };
		3226C27C2B2A144F00407C63 /* FirstWorked.swift */ = {isa = PBXFileReference; lastKnownFileType = sourcecode.swift; path = FirstWorked.swift; sourceTree = "<group>"; };
/* End PBXFileReference section */

/* Begin PBXFrameworksBuildPhase section */
		321AF1F72B2891DC00E3FF31 /* Frameworks */ = {
			isa = PBXFrameworksBuildPhase;
			buildActionMask = 2147483647;
			files = (
			);
			runOnlyForDeploymentPostprocessing = 0;
		};
/* End PBXFrameworksBuildPhase section */

/* Begin PBXGroup section */
		321AF1F12B2891DB00E3FF31 = {
			isa = PBXGroup;
			children = (
				32221FC42B3C2E49004DC8B9 /* REDME.md */,
				321AF2112B28921200E3FF31 /* swiftlint.yml */,
				321AF1FC2B2891DC00E3FF31 /* Coordinator */,
				321AF1FB2B2891DC00E3FF31 /* Products */,
			);
			sourceTree = "<group>";
		};
		321AF1FB2B2891DC00E3FF31 /* Products */ = {
			isa = PBXGroup;
			children = (
				321AF1FA2B2891DC00E3FF31 /* Coordinator.app */,
			);
			name = Products;
			sourceTree = "<group>";
		};
		321AF1FC2B2891DC00E3FF31 /* Coordinator */ = {
			isa = PBXGroup;
			children = (
				3226C26A2B29F00B00407C63 /* Coordinators */,
				321AF2202B2897C300E3FF31 /* Mocks */,
				321AF21D2B2895E800E3FF31 /* CustomUI */,
				321AF2162B28929A00E3FF31 /* Scenes */,
				321AF2152B28928000E3FF31 /* Applictions */,
				321AF2142B28926C00E3FF31 /* Resources */,
			);
			path = Coordinator;
			sourceTree = "<group>";
		};
		321AF2142B28926C00E3FF31 /* Resources */ = {
			isa = PBXGroup;
			children = (
				321AF2062B2891DD00E3FF31 /* Assets.xcassets */,
				321AF2082B2891DD00E3FF31 /* LaunchScreen.storyboard */,
				321AF20B2B2891DD00E3FF31 /* Info.plist */,
			);
			name = Resources;
			sourceTree = "<group>";
		};
		321AF2152B28928000E3FF31 /* Applictions */ = {
			isa = PBXGroup;
			children = (
				321AF1FD2B2891DC00E3FF31 /* AppDelegate.swift */,
				321AF1FF2B2891DC00E3FF31 /* SceneDelegate.swift */,
			);
			path = Applictions;
			sourceTree = "<group>";
		};
		321AF2162B28929A00E3FF31 /* Scenes */ = {
			isa = PBXGroup;
			children = (
				321AF2172B2892A400E3FF31 /* FirstScene */,
				321AF2182B2892D100E3FF31 /* SecondScene */,
				321AF2192B2892D900E3FF31 /* ThirdScene */,
				321AF21A2B2892F100E3FF31 /* FourthScene */,
			);
			name = Scenes;
			sourceTree = "<group>";
		};
		321AF2172B2892A400E3FF31 /* FirstScene */ = {
			isa = PBXGroup;
			children = (
				3226C2672B29ED2300407C63 /* FirstConfigurator.swift */,
				321AF21B2B28953700E3FF31 /* FirstNavigationView.swift */,
				3226C2612B29BD2D00407C63 /* FirstIterator.swift */,
				3226C2632B29BD3B00407C63 /* FirstPresenter.swift */,
				3226C2652B29BD4800407C63 /* FirstModel.swift */,
				3226C27C2B2A144F00407C63 /* FirstWorked.swift */,
			);
			path = FirstScene;
			sourceTree = "<group>";
		};
		321AF2182B2892D100E3FF31 /* SecondScene */ = {
			isa = PBXGroup;
			children = (
				3226C2712B29FB8B00407C63 /* SecondViewController.swift */,
				3226C27A2B2A115F00407C63 /* SecondConfigurator.swift */,
			);
			name = SecondScene;
			sourceTree = "<group>";
		};
		321AF2192B2892D900E3FF31 /* ThirdScene */ = {
			isa = PBXGroup;
			children = (
			);
			name = ThirdScene;
			sourceTree = "<group>";
		};
		321AF21A2B2892F100E3FF31 /* FourthScene */ = {
			isa = PBXGroup;
			children = (
			);
			path = FourthScene;
			sourceTree = "<group>";
		};
		321AF21D2B2895E800E3FF31 /* CustomUI */ = {
			isa = PBXGroup;
			children = (
				321AF21E2B28964400E3FF31 /* CustomUIElements.swift */,
			);
			path = CustomUI;
			sourceTree = "<group>";
		};
		321AF2202B2897C300E3FF31 /* Mocks */ = {
			isa = PBXGroup;
			children = (
				321AF2212B2897DD00E3FF31 /* FirstSceneMock.swift */,
			);
			name = Mocks;
			sourceTree = "<group>";
		};
		3226C26A2B29F00B00407C63 /* Coordinators */ = {
			isa = PBXGroup;
			children = (
				3226C2752B29FE8400407C63 /* Common */,
				3226C2762B29FE9B00407C63 /* FirstCoordinator.swift */,
				3226C2782B2A10BE00407C63 /* SecondCoordinator.swift */,
			);
			path = Coordinators;
			sourceTree = "<group>";
		};
		3226C2752B29FE8400407C63 /* Common */ = {
			isa = PBXGroup;
			children = (
				3226C26B2B29F03100407C63 /* ICoordinator.swift */,
				3226C2732B29FCE300407C63 /* ICoordinatorDelegate.swift */,
				3226C26D2B29F0C100407C63 /* AppCoordinator.swift */,
			);
			name = Common;
			sourceTree = "<group>";
		};
/* End PBXGroup section */

/* Begin PBXNativeTarget section */
		321AF1F92B2891DC00E3FF31 /* Coordinator */ = {
			isa = PBXNativeTarget;
			buildConfigurationList = 321AF20E2B2891DD00E3FF31 /* Build configuration list for PBXNativeTarget "Coordinator" */;
			buildPhases = (
				321AF2132B28922600E3FF31 /* Run SwiwtLint */,
				321AF1F62B2891DC00E3FF31 /* Sources */,
				321AF1F72B2891DC00E3FF31 /* Frameworks */,
				321AF1F82B2891DC00E3FF31 /* Resources */,
			);
			buildRules = (
			);
			dependencies = (
			);
			name = Coordinator;
			productName = Coordinator;
			productReference = 321AF1FA2B2891DC00E3FF31 /* Coordinator.app */;
			productType = "com.apple.product-type.application";
		};
/* End PBXNativeTarget section */

/* Begin PBXProject section */
		321AF1F22B2891DB00E3FF31 /* Project object */ = {
			isa = PBXProject;
			attributes = {
				BuildIndependentTargetsInParallel = 1;
				LastSwiftUpdateCheck = 1500;
				LastUpgradeCheck = 1500;
				TargetAttributes = {
					321AF1F92B2891DC00E3FF31 = {
						CreatedOnToolsVersion = 15.0.1;
					};
				};
			};
			buildConfigurationList = 321AF1F52B2891DB00E3FF31 /* Build configuration list for PBXProject "Coordinator" */;
			compatibilityVersion = "Xcode 14.0";
			developmentRegion = en;
			hasScannedForEncodings = 0;
			knownRegions = (
				en,
				Base,
			);
			mainGroup = 321AF1F12B2891DB00E3FF31;
			productRefGroup = 321AF1FB2B2891DC00E3FF31 /* Products */;
			projectDirPath = "";
			projectRoot = "";
			targets = (
				321AF1F92B2891DC00E3FF31 /* Coordinator */,
			);
		};
/* End PBXProject section */

/* Begin PBXResourcesBuildPhase section */
		321AF1F82B2891DC00E3FF31 /* Resources */ = {
			isa = PBXResourcesBuildPhase;
			buildActionMask = 2147483647;
			files = (
				321AF20A2B2891DD00E3FF31 /* LaunchScreen.storyboard in Resources */,
				321AF2122B28921200E3FF31 /* swiftlint.yml in Resources */,
				321AF2072B2891DD00E3FF31 /* Assets.xcassets in Resources */,
			);
			runOnlyForDeploymentPostprocessing = 0;
		};
/* End PBXResourcesBuildPhase section */

/* Begin PBXShellScriptBuildPhase section */
		321AF2132B28922600E3FF31 /* Run SwiwtLint */ = {
			isa = PBXShellScriptBuildPhase;
			alwaysOutOfDate = 1;
			buildActionMask = 2147483647;
			files = (
			);
			inputFileListPaths = (
			);
			inputPaths = (
			);
			name = "Run SwiwtLint";
			outputFileListPaths = (
			);
			outputPaths = (
			);
			runOnlyForDeploymentPostprocessing = 0;
			shellPath = /bin/sh;
			shellScript = "export PATH=\"$PATH:/opt/homebrew/bin\"\nif which swiftlint > /dev/null; then\n  swiftlint\nelse\n  echo \"warning: SwiftLint not installed, download from https://github.com/realm/SwiftLint\"\n  exit 1\nfi\n";
		};
/* End PBXShellScriptBuildPhase section */

/* Begin PBXSourcesBuildPhase section */
		321AF1F62B2891DC00E3FF31 /* Sources */ = {
			isa = PBXSourcesBuildPhase;
			buildActionMask = 2147483647;
			files = (
				3226C2722B29FB8B00407C63 /* SecondViewController.swift in Sources */,
				3226C26E2B29F0C100407C63 /* AppCoordinator.swift in Sources */,
				3226C27B2B2A115F00407C63 /* SecondConfigurator.swift in Sources */,
				321AF1FE2B2891DC00E3FF31 /* AppDelegate.swift in Sources */,
				3226C2742B29FCE300407C63 /* ICoordinatorDelegate.swift in Sources */,
				321AF2222B2897DD00E3FF31 /* FirstSceneMock.swift in Sources */,
				3226C2642B29BD3B00407C63 /* FirstPresenter.swift in Sources */,
				321AF2002B2891DC00E3FF31 /* SceneDelegate.swift in Sources */,
				3226C2772B29FE9B00407C63 /* FirstCoordinator.swift in Sources */,
				3226C2792B2A10BE00407C63 /* SecondCoordinator.swift in Sources */,
				3226C26C2B29F03100407C63 /* ICoordinator.swift in Sources */,
				3226C2662B29BD4800407C63 /* FirstModel.swift in Sources */,
				321AF21C2B28953700E3FF31 /* FirstNavigationView.swift in Sources */,
				3226C27D2B2A144F00407C63 /* FirstWorked.swift in Sources */,
				3226C2622B29BD2D00407C63 /* FirstIterator.swift in Sources */,
				321AF21F2B28964400E3FF31 /* CustomUIElements.swift in Sources */,
				3226C2682B29ED2300407C63 /* FirstConfigurator.swift in Sources */,
			);
			runOnlyForDeploymentPostprocessing = 0;
		};
/* End PBXSourcesBuildPhase section */

/* Begin PBXVariantGroup section */
		321AF2082B2891DD00E3FF31 /* LaunchScreen.storyboard */ = {
			isa = PBXVariantGroup;
			children = (
				321AF2092B2891DD00E3FF31 /* Base */,
			);
			name = LaunchScreen.storyboard;
			sourceTree = "<group>";
		};
/* End PBXVariantGroup section */

/* Begin XCBuildConfiguration section */
		321AF20C2B2891DD00E3FF31 /* Debug */ = {
			isa = XCBuildConfiguration;
			buildSettings = {
				ALWAYS_SEARCH_USER_PATHS = NO;
				ASSETCATALOG_COMPILER_GENERATE_SWIFT_ASSET_SYMBOL_EXTENSIONS = YES;
				CLANG_ANALYZER_NONNULL = YES;
				CLANG_ANALYZER_NUMBER_OBJECT_CONVERSION = YES_AGGRESSIVE;
				CLANG_CXX_LANGUAGE_STANDARD = "gnu++20";
				CLANG_ENABLE_MODULES = YES;
				CLANG_ENABLE_OBJC_ARC = YES;
				CLANG_ENABLE_OBJC_WEAK = YES;
				CLANG_WARN_BLOCK_CAPTURE_AUTORELEASING = YES;
				CLANG_WARN_BOOL_CONVERSION = YES;
				CLANG_WARN_COMMA = YES;
				CLANG_WARN_CONSTANT_CONVERSION = YES;
				CLANG_WARN_DEPRECATED_OBJC_IMPLEMENTATIONS = YES;
				CLANG_WARN_DIRECT_OBJC_ISA_USAGE = YES_ERROR;
				CLANG_WARN_DOCUMENTATION_COMMENTS = YES;
				CLANG_WARN_EMPTY_BODY = YES;
				CLANG_WARN_ENUM_CONVERSION = YES;
				CLANG_WARN_INFINITE_RECURSION = YES;
				CLANG_WARN_INT_CONVERSION = YES;
				CLANG_WARN_NON_LITERAL_NULL_CONVERSION = YES;
				CLANG_WARN_OBJC_IMPLICIT_RETAIN_SELF = YES;
				CLANG_WARN_OBJC_LITERAL_CONVERSION = YES;
				CLANG_WARN_OBJC_ROOT_CLASS = YES_ERROR;
				CLANG_WARN_QUOTED_INCLUDE_IN_FRAMEWORK_HEADER = YES;
				CLANG_WARN_RANGE_LOOP_ANALYSIS = YES;
				CLANG_WARN_STRICT_PROTOTYPES = YES;
				CLANG_WARN_SUSPICIOUS_MOVE = YES;
				CLANG_WARN_UNGUARDED_AVAILABILITY = YES_AGGRESSIVE;
				CLANG_WARN_UNREACHABLE_CODE = YES;
				CLANG_WARN__DUPLICATE_METHOD_MATCH = YES;
				COPY_PHASE_STRIP = NO;
				DEBUG_INFORMATION_FORMAT = dwarf;
				ENABLE_STRICT_OBJC_MSGSEND = YES;
				ENABLE_TESTABILITY = YES;
				ENABLE_USER_SCRIPT_SANDBOXING = YES;
				GCC_C_LANGUAGE_STANDARD = gnu17;
				GCC_DYNAMIC_NO_PIC = NO;
				GCC_NO_COMMON_BLOCKS = YES;
				GCC_OPTIMIZATION_LEVEL = 0;
				GCC_PREPROCESSOR_DEFINITIONS = (
					"DEBUG=1",
					"$(inherited)",
				);
				GCC_WARN_64_TO_32_BIT_CONVERSION = YES;
				GCC_WARN_ABOUT_RETURN_TYPE = YES_ERROR;
				GCC_WARN_UNDECLARED_SELECTOR = YES;
				GCC_WARN_UNINITIALIZED_AUTOS = YES_AGGRESSIVE;
				GCC_WARN_UNUSED_FUNCTION = YES;
				GCC_WARN_UNUSED_VARIABLE = YES;
				IPHONEOS_DEPLOYMENT_TARGET = 17.0;
				LOCALIZATION_PREFERS_STRING_CATALOGS = YES;
				MTL_ENABLE_DEBUG_INFO = INCLUDE_SOURCE;
				MTL_FAST_MATH = YES;
				ONLY_ACTIVE_ARCH = YES;
				SDKROOT = iphoneos;
				SWIFT_ACTIVE_COMPILATION_CONDITIONS = "DEBUG $(inherited)";
				SWIFT_OPTIMIZATION_LEVEL = "-Onone";
			};
			name = Debug;
		};
		321AF20D2B2891DD00E3FF31 /* Release */ = {
			isa = XCBuildConfiguration;
			buildSettings = {
				ALWAYS_SEARCH_USER_PATHS = NO;
				ASSETCATALOG_COMPILER_GENERATE_SWIFT_ASSET_SYMBOL_EXTENSIONS = YES;
				CLANG_ANALYZER_NONNULL = YES;
				CLANG_ANALYZER_NUMBER_OBJECT_CONVERSION = YES_AGGRESSIVE;
				CLANG_CXX_LANGUAGE_STANDARD = "gnu++20";
				CLANG_ENABLE_MODULES = YES;
				CLANG_ENABLE_OBJC_ARC = YES;
				CLANG_ENABLE_OBJC_WEAK = YES;
				CLANG_WARN_BLOCK_CAPTURE_AUTORELEASING = YES;
				CLANG_WARN_BOOL_CONVERSION = YES;
				CLANG_WARN_COMMA = YES;
				CLANG_WARN_CONSTANT_CONVERSION = YES;
				CLANG_WARN_DEPRECATED_OBJC_IMPLEMENTATIONS = YES;
				CLANG_WARN_DIRECT_OBJC_ISA_USAGE = YES_ERROR;
				CLANG_WARN_DOCUMENTATION_COMMENTS = YES;
				CLANG_WARN_EMPTY_BODY = YES;
				CLANG_WARN_ENUM_CONVERSION = YES;
				CLANG_WARN_INFINITE_RECURSION = YES;
				CLANG_WARN_INT_CONVERSION = YES;
				CLANG_WARN_NON_LITERAL_NULL_CONVERSION = YES;
				CLANG_WARN_OBJC_IMPLICIT_RETAIN_SELF = YES;
				CLANG_WARN_OBJC_LITERAL_CONVERSION = YES;
				CLANG_WARN_OBJC_ROOT_CLASS = YES_ERROR;
				CLANG_WARN_QUOTED_INCLUDE_IN_FRAMEWORK_HEADER = YES;
				CLANG_WARN_RANGE_LOOP_ANALYSIS = YES;
				CLANG_WARN_STRICT_PROTOTYPES = YES;
				CLANG_WARN_SUSPICIOUS_MOVE = YES;
				CLANG_WARN_UNGUARDED_AVAILABILITY = YES_AGGRESSIVE;
				CLANG_WARN_UNREACHABLE_CODE = YES;
				CLANG_WARN__DUPLICATE_METHOD_MATCH = YES;
				COPY_PHASE_STRIP = NO;
				DEBUG_INFORMATION_FORMAT = "dwarf-with-dsym";
				ENABLE_NS_ASSERTIONS = NO;
				ENABLE_STRICT_OBJC_MSGSEND = YES;
				ENABLE_USER_SCRIPT_SANDBOXING = YES;
				GCC_C_LANGUAGE_STANDARD = gnu17;
				GCC_NO_COMMON_BLOCKS = YES;
				GCC_WARN_64_TO_32_BIT_CONVERSION = YES;
				GCC_WARN_ABOUT_RETURN_TYPE = YES_ERROR;
				GCC_WARN_UNDECLARED_SELECTOR = YES;
				GCC_WARN_UNINITIALIZED_AUTOS = YES_AGGRESSIVE;
				GCC_WARN_UNUSED_FUNCTION = YES;
				GCC_WARN_UNUSED_VARIABLE = YES;
				IPHONEOS_DEPLOYMENT_TARGET = 17.0;
				LOCALIZATION_PREFERS_STRING_CATALOGS = YES;
				MTL_ENABLE_DEBUG_INFO = NO;
				MTL_FAST_MATH = YES;
				SDKROOT = iphoneos;
				SWIFT_COMPILATION_MODE = wholemodule;
				VALIDATE_PRODUCT = YES;
			};
			name = Release;
		};
		321AF20F2B2891DD00E3FF31 /* Debug */ = {
			isa = XCBuildConfiguration;
			buildSettings = {
				ASSETCATALOG_COMPILER_APPICON_NAME = AppIcon;
				ASSETCATALOG_COMPILER_GLOBAL_ACCENT_COLOR_NAME = AccentColor;
				CODE_SIGN_STYLE = Automatic;
				CURRENT_PROJECT_VERSION = 1;
				DEVELOPMENT_TEAM = P87Y98S683;
				ENABLE_USER_SCRIPT_SANDBOXING = NO;
				GENERATE_INFOPLIST_FILE = YES;
				INFOPLIST_FILE = Coordinator/Info.plist;
				INFOPLIST_KEY_UIApplicationSupportsIndirectInputEvents = YES;
				INFOPLIST_KEY_UILaunchStoryboardName = LaunchScreen;
				INFOPLIST_KEY_UISupportedInterfaceOrientations = UIInterfaceOrientationPortrait;
				INFOPLIST_KEY_UISupportedInterfaceOrientations_iPad = "UIInterfaceOrientationLandscapeLeft UIInterfaceOrientationLandscapeRight UIInterfaceOrientationPortrait UIInterfaceOrientationPortraitUpsideDown";
				IPHONEOS_DEPLOYMENT_TARGET = 16.2;
				LD_RUNPATH_SEARCH_PATHS = (
					"$(inherited)",
					"@executable_path/Frameworks",
				);
				MARKETING_VERSION = 1.0;
				PRODUCT_BUNDLE_IDENTIFIER = "SFX-Montage.Coordinator";
				PRODUCT_NAME = "$(TARGET_NAME)";
				SUPPORTED_PLATFORMS = "iphoneos iphonesimulator";
				SUPPORTS_MACCATALYST = NO;
				SWIFT_EMIT_LOC_STRINGS = YES;
				SWIFT_VERSION = 5.0;
				TARGETED_DEVICE_FAMILY = 1;
			};
			name = Debug;
		};
		321AF2102B2891DD00E3FF31 /* Release */ = {
			isa = XCBuildConfiguration;
			buildSettings = {
				ASSETCATALOG_COMPILER_APPICON_NAME = AppIcon;
				ASSETCATALOG_COMPILER_GLOBAL_ACCENT_COLOR_NAME = AccentColor;
				CODE_SIGN_STYLE = Automatic;
				CURRENT_PROJECT_VERSION = 1;
				DEVELOPMENT_TEAM = P87Y98S683;
				ENABLE_USER_SCRIPT_SANDBOXING = NO;
				GENERATE_INFOPLIST_FILE = YES;
				INFOPLIST_FILE = Coordinator/Info.plist;
				INFOPLIST_KEY_UIApplicationSupportsIndirectInputEvents = YES;
				INFOPLIST_KEY_UILaunchStoryboardName = LaunchScreen;
				INFOPLIST_KEY_UISupportedInterfaceOrientations = UIInterfaceOrientationPortrait;
				INFOPLIST_KEY_UISupportedInterfaceOrientations_iPad = "UIInterfaceOrientationLandscapeLeft UIInterfaceOrientationLandscapeRight UIInterfaceOrientationPortrait UIInterfaceOrientationPortraitUpsideDown";
				IPHONEOS_DEPLOYMENT_TARGET = 16.2;
				LD_RUNPATH_SEARCH_PATHS = (
					"$(inherited)",
					"@executable_path/Frameworks",
				);
				MARKETING_VERSION = 1.0;
				PRODUCT_BUNDLE_IDENTIFIER = "SFX-Montage.Coordinator";
				PRODUCT_NAME = "$(TARGET_NAME)";
				SUPPORTED_PLATFORMS = "iphoneos iphonesimulator";
				SUPPORTS_MACCATALYST = NO;
				SWIFT_EMIT_LOC_STRINGS = YES;
				SWIFT_VERSION = 5.0;
				TARGETED_DEVICE_FAMILY = 1;
			};
			name = Release;
		};
/* End XCBuildConfiguration section */

/* Begin XCConfigurationList section */
		321AF1F52B2891DB00E3FF31 /* Build configuration list for PBXProject "Coordinator" */ = {
			isa = XCConfigurationList;
			buildConfigurations = (
				321AF20C2B2891DD00E3FF31 /* Debug */,
				321AF20D2B2891DD00E3FF31 /* Release */,
			);
			defaultConfigurationIsVisible = 0;
			defaultConfigurationName = Release;
		};
		321AF20E2B2891DD00E3FF31 /* Build configuration list for PBXNativeTarget "Coordinator" */ = {
			isa = XCConfigurationList;
			buildConfigurations = (
				321AF20F2B2891DD00E3FF31 /* Debug */,
				321AF2102B2891DD00E3FF31 /* Release */,
			);
			defaultConfigurationIsVisible = 0;
			defaultConfigurationName = Release;
		};
/* End XCConfigurationList section */
	};
	rootObject = 321AF1F22B2891DB00E3FF31 /* Project object */;
}
